# This file is automatically @generated by Cargo.
# It is not intended for manual editing.
version = 4

[[package]]
name = "tachyon-app"
version = "0.0.1"

[[package]]
name = "tachyon-core"
version = "0.0.1"

[[package]]
name = "tachyon-gateway"
version = "0.0.1"

[[package]]
name = "tachyon-ir"
version = "0.0.1"

[[package]]
name = "tachyon-judgment"
version = "0.0.1"

[[package]]
name = "tachyon-models"
version = "0.0.1"

[[package]]
name = "tachyon-policy"
version = "0.0.1"

[[package]]
name = "tachyon-protocol"
version = "0.0.1"

[[package]]
name = "tachyon-repo"
version = "0.0.1"

[[package]]
name = "tachyon-retrieval"
version = "0.0.1"

[[package]]
name = "tachyon-router"
version = "0.0.1"

[[package]]
name = "tachyon-scheduler"
version = "0.0.1"

[[package]]
name = "tachyon-store"
version = "0.0.1"

[[package]]
name = "tachyon-telemetry"
version = "0.0.1"

[[package]]
name = "tachyon-tools"
version = "0.0.1"

[[package]]
name = "tachyon-tui"
version = "0.0.1"

[[package]]
name = "tachyon-types"
version = "0.0.1"

[[package]]
name = "tachyon-verify"
version = "0.0.1"
