# This file is automatically @generated by Cargo.
# It is not intended for manual editing.
version = 4

[[package]]
name = "auth-session"
version = "0.1.0"

[[package]]
name = "refresh-client"
version = "0.1.0"
dependencies = [
 "auth-session",
]

[[package]]
name = "unrelated-metrics"
version = "0.1.0"
